
Microsoft Visual Studio Solution File, Format Version 12.00
# Visual Studio Version 17
VisualStudioVersion = 17.11.35222.181
MinimumVisualStudioVersion = 10.0.40219.1
Project("{8BC9CEB8-8B4A-11D0-8D11-00A0C91BC942}") = "20240902", "20240902\20240902.vcxproj", "{C4832F78-83BC-4957-A835-30439F9E4FF6}"
EndProject
Project("{8BC9CEB8-8B4A-11D0-8D11-00A0C91BC942}") = "20240903", "20240903\20240903.vcxproj", "{F6DAD0F2-D251-4273-BF29-32336A728F2F}"
EndProject
Project("{8BC9CEB8-8B4A-11D0-8D11-00A0C91BC942}") = "20240904", "20240904\20240904.vcxproj", "{815FEAEC-3224-433F-B04D-19EA1FCC1259}"
EndProject
Project("{8BC9CEB8-8B4A-11D0-8D11-00A0C91BC942}") = "20240905", "20240905\20240905.vcxproj", "{FC05BED1-91B0-402C-961A-0356E4433A63}"
EndProject
Project("{8BC9CEB8-8B4A-11D0-8D11-00A0C91BC942}") = "20240906", "20240906\20240906.vcxproj", "{737343C8-0F32-4FD7-9C34-7E5F1DED7415}"
EndProject
Project("{8BC9CEB8-8B4A-11D0-8D11-00A0C91BC942}") = "20240909", "20240909\20240909.vcxproj", "{371B81BB-853F-4A7D-B694-596C579D7EBD}"
EndProject
Project("{8BC9CEB8-8B4A-11D0-8D11-00A0C91BC942}") = "20240910", "20240910\20240910.vcxproj", "{739EFCB6-E964-4A9A-A4FB-957944E79689}"
EndProject
Project("{8BC9CEB8-8B4A-11D0-8D11-00A0C91BC942}") = "20240911", "20240911\20240911.vcxproj", "{F4766B6D-DA86-4B05-87AA-5E3B35526F96}"
EndProject
Project("{8BC9CEB8-8B4A-11D0-8D11-00A0C91BC942}") = "20240912", "20240912\20240912.vcxproj", "{72B80B48-E5A1-4EB3-9B83-D67830D7FA3A}"
EndProject
Project("{8BC9CEB8-8B4A-11D0-8D11-00A0C91BC942}") = "20240913", "20240913\20240913.vcxproj", "{7F460954-854A-45C0-87C4-35064760B42D}"
EndProject
Project("{8BC9CEB8-8B4A-11D0-8D11-00A0C91BC942}") = "20240919", "20240919\20240919.vcxproj", "{CEFC81FE-A400-41D3-B5A6-601C903C94BD}"
EndProject
Project("{8BC9CEB8-8B4A-11D0-8D11-00A0C91BC942}") = "20240920", "20240920\20240920.vcxproj", "{A1973C34-44BA-4E0B-A065-F4BEB6351E0D}"
EndProject
Global
	GlobalSection(SolutionConfigurationPlatforms) = preSolution
		Debug|x64 = Debug|x64
		Debug|x86 = Debug|x86
		Release|x64 = Release|x64
		Release|x86 = Release|x86
	EndGlobalSection
	GlobalSection(ProjectConfigurationPlatforms) = postSolution
		{C4832F78-83BC-4957-A835-30439F9E4FF6}.Debug|x64.ActiveCfg = Debug|x64
		{C4832F78-83BC-4957-A835-30439F9E4FF6}.Debug|x64.Build.0 = Debug|x64
		{C4832F78-83BC-4957-A835-30439F9E4FF6}.Debug|x86.ActiveCfg = Debug|Win32
		{C4832F78-83BC-4957-A835-30439F9E4FF6}.Debug|x86.Build.0 = Debug|Win32
		{C4832F78-83BC-4957-A835-30439F9E4FF6}.Release|x64.ActiveCfg = Release|x64
		{C4832F78-83BC-4957-A835-30439F9E4FF6}.Release|x64.Build.0 = Release|x64
		{C4832F78-83BC-4957-A835-30439F9E4FF6}.Release|x86.ActiveCfg = Release|Win32
		{C4832F78-83BC-4957-A835-30439F9E4FF6}.Release|x86.Build.0 = Release|Win32
		{F6DAD0F2-D251-4273-BF29-32336A728F2F}.Debug|x64.ActiveCfg = Debug|x64
		{F6DAD0F2-D251-4273-BF29-32336A728F2F}.Debug|x64.Build.0 = Debug|x64
		{F6DAD0F2-D251-4273-BF29-32336A728F2F}.Debug|x86.ActiveCfg = Debug|Win32
		{F6DAD0F2-D251-4273-BF29-32336A728F2F}.Debug|x86.Build.0 = Debug|Win32
		{F6DAD0F2-D251-4273-BF29-32336A728F2F}.Release|x64.ActiveCfg = Release|x64
		{F6DAD0F2-D251-4273-BF29-32336A728F2F}.Release|x64.Build.0 = Release|x64
		{F6DAD0F2-D251-4273-BF29-32336A728F2F}.Release|x86.ActiveCfg = Release|Win32
		{F6DAD0F2-D251-4273-BF29-32336A728F2F}.Release|x86.Build.0 = Release|Win32
		{815FEAEC-3224-433F-B04D-19EA1FCC1259}.Debug|x64.ActiveCfg = Debug|x64
		{815FEAEC-3224-433F-B04D-19EA1FCC1259}.Debug|x64.Build.0 = Debug|x64
		{815FEAEC-3224-433F-B04D-19EA1FCC1259}.Debug|x86.ActiveCfg = Debug|Win32
		{815FEAEC-3224-433F-B04D-19EA1FCC1259}.Debug|x86.Build.0 = Debug|Win32
		{815FEAEC-3224-433F-B04D-19EA1FCC1259}.Release|x64.ActiveCfg = Release|x64
		{815FEAEC-3224-433F-B04D-19EA1FCC1259}.Release|x64.Build.0 = Release|x64
		{815FEAEC-3224-433F-B04D-19EA1FCC1259}.Release|x86.ActiveCfg = Release|Win32
		{815FEAEC-3224-433F-B04D-19EA1FCC1259}.Release|x86.Build.0 = Release|Win32
		{FC05BED1-91B0-402C-961A-0356E4433A63}.Debug|x64.ActiveCfg = Debug|x64
		{FC05BED1-91B0-402C-961A-0356E4433A63}.Debug|x64.Build.0 = Debug|x64
		{FC05BED1-91B0-402C-961A-0356E4433A63}.Debug|x86.ActiveCfg = Debug|Win32
		{FC05BED1-91B0-402C-961A-0356E4433A63}.Debug|x86.Build.0 = Debug|Win32
		{FC05BED1-91B0-402C-961A-0356E4433A63}.Release|x64.ActiveCfg = Release|x64
		{FC05BED1-91B0-402C-961A-0356E4433A63}.Release|x64.Build.0 = Release|x64
		{FC05BED1-91B0-402C-961A-0356E4433A63}.Release|x86.ActiveCfg = Release|Win32
		{FC05BED1-91B0-402C-961A-0356E4433A63}.Release|x86.Build.0 = Release|Win32
		{737343C8-0F32-4FD7-9C34-7E5F1DED7415}.Debug|x64.ActiveCfg = Debug|x64
		{737343C8-0F32-4FD7-9C34-7E5F1DED7415}.Debug|x64.Build.0 = Debug|x64
		{737343C8-0F32-4FD7-9C34-7E5F1DED7415}.Debug|x86.ActiveCfg = Debug|Win32
		{737343C8-0F32-4FD7-9C34-7E5F1DED7415}.Debug|x86.Build.0 = Debug|Win32
		{737343C8-0F32-4FD7-9C34-7E5F1DED7415}.Release|x64.ActiveCfg = Release|x64
		{737343C8-0F32-4FD7-9C34-7E5F1DED7415}.Release|x64.Build.0 = Release|x64
		{737343C8-0F32-4FD7-9C34-7E5F1DED7415}.Release|x86.ActiveCfg = Release|Win32
		{737343C8-0F32-4FD7-9C34-7E5F1DED7415}.Release|x86.Build.0 = Release|Win32
		{371B81BB-853F-4A7D-B694-596C579D7EBD}.Debug|x64.ActiveCfg = Debug|x64
		{371B81BB-853F-4A7D-B694-596C579D7EBD}.Debug|x64.Build.0 = Debug|x64
		{371B81BB-853F-4A7D-B694-596C579D7EBD}.Debug|x86.ActiveCfg = Debug|Win32
		{371B81BB-853F-4A7D-B694-596C579D7EBD}.Debug|x86.Build.0 = Debug|Win32
		{371B81BB-853F-4A7D-B694-596C579D7EBD}.Release|x64.ActiveCfg = Release|x64
		{371B81BB-853F-4A7D-B694-596C579D7EBD}.Release|x64.Build.0 = Release|x64
		{371B81BB-853F-4A7D-B694-596C579D7EBD}.Release|x86.ActiveCfg = Release|Win32
		{371B81BB-853F-4A7D-B694-596C579D7EBD}.Release|x86.Build.0 = Release|Win32
		{739EFCB6-E964-4A9A-A4FB-957944E79689}.Debug|x64.ActiveCfg = Debug|x64
		{739EFCB6-E964-4A9A-A4FB-957944E79689}.Debug|x64.Build.0 = Debug|x64
		{739EFCB6-E964-4A9A-A4FB-957944E79689}.Debug|x86.ActiveCfg = Debug|Win32
		{739EFCB6-E964-4A9A-A4FB-957944E79689}.Debug|x86.Build.0 = Debug|Win32
		{739EFCB6-E964-4A9A-A4FB-957944E79689}.Release|x64.ActiveCfg = Release|x64
		{739EFCB6-E964-4A9A-A4FB-957944E79689}.Release|x64.Build.0 = Release|x64
		{739EFCB6-E964-4A9A-A4FB-957944E79689}.Release|x86.ActiveCfg = Release|Win32
		{739EFCB6-E964-4A9A-A4FB-957944E79689}.Release|x86.Build.0 = Release|Win32
		{F4766B6D-DA86-4B05-87AA-5E3B35526F96}.Debug|x64.ActiveCfg = Debug|x64
		{F4766B6D-DA86-4B05-87AA-5E3B35526F96}.Debug|x64.Build.0 = Debug|x64
		{F4766B6D-DA86-4B05-87AA-5E3B35526F96}.Debug|x86.ActiveCfg = Debug|Win32
		{F4766B6D-DA86-4B05-87AA-5E3B35526F96}.Debug|x86.Build.0 = Debug|Win32
		{F4766B6D-DA86-4B05-87AA-5E3B35526F96}.Release|x64.ActiveCfg = Release|x64
		{F4766B6D-DA86-4B05-87AA-5E3B35526F96}.Release|x64.Build.0 = Release|x64
		{F4766B6D-DA86-4B05-87AA-5E3B35526F96}.Release|x86.ActiveCfg = Release|Win32
		{F4766B6D-DA86-4B05-87AA-5E3B35526F96}.Release|x86.Build.0 = Release|Win32
		{72B80B48-E5A1-4EB3-9B83-D67830D7FA3A}.Debug|x64.ActiveCfg = Debug|x64
		{72B80B48-E5A1-4EB3-9B83-D67830D7FA3A}.Debug|x64.Build.0 = Debug|x64
		{72B80B48-E5A1-4EB3-9B83-D67830D7FA3A}.Debug|x86.ActiveCfg = Debug|Win32
		{72B80B48-E5A1-4EB3-9B83-D67830D7FA3A}.Debug|x86.Build.0 = Debug|Win32
		{72B80B48-E5A1-4EB3-9B83-D67830D7FA3A}.Release|x64.ActiveCfg = Release|x64
		{72B80B48-E5A1-4EB3-9B83-D67830D7FA3A}.Release|x64.Build.0 = Release|x64
		{72B80B48-E5A1-4EB3-9B83-D67830D7FA3A}.Release|x86.ActiveCfg = Release|Win32
		{72B80B48-E5A1-4EB3-9B83-D67830D7FA3A}.Release|x86.Build.0 = Release|Win32
		{7F460954-854A-45C0-87C4-35064760B42D}.Debug|x64.ActiveCfg = Debug|x64
		{7F460954-854A-45C0-87C4-35064760B42D}.Debug|x64.Build.0 = Debug|x64
		{7F460954-854A-45C0-87C4-35064760B42D}.Debug|x86.ActiveCfg = Debug|Win32
		{7F460954-854A-45C0-87C4-35064760B42D}.Debug|x86.Build.0 = Debug|Win32
		{7F460954-854A-45C0-87C4-35064760B42D}.Release|x64.ActiveCfg = Release|x64
		{7F460954-854A-45C0-87C4-35064760B42D}.Release|x64.Build.0 = Release|x64
		{7F460954-854A-45C0-87C4-35064760B42D}.Release|x86.ActiveCfg = Release|Win32
		{7F460954-854A-45C0-87C4-35064760B42D}.Release|x86.Build.0 = Release|Win32
		{CEFC81FE-A400-41D3-B5A6-601C903C94BD}.Debug|x64.ActiveCfg = Debug|x64
		{CEFC81FE-A400-41D3-B5A6-601C903C94BD}.Debug|x64.Build.0 = Debug|x64
		{CEFC81FE-A400-41D3-B5A6-601C903C94BD}.Debug|x86.ActiveCfg = Debug|Win32
		{CEFC81FE-A400-41D3-B5A6-601C903C94BD}.Debug|x86.Build.0 = Debug|Win32
		{CEFC81FE-A400-41D3-B5A6-601C903C94BD}.Release|x64.ActiveCfg = Release|x64
		{CEFC81FE-A400-41D3-B5A6-601C903C94BD}.Release|x64.Build.0 = Release|x64
		{CEFC81FE-A400-41D3-B5A6-601C903C94BD}.Release|x86.ActiveCfg = Release|Win32
		{CEFC81FE-A400-41D3-B5A6-601C903C94BD}.Release|x86.Build.0 = Release|Win32
		{A1973C34-44BA-4E0B-A065-F4BEB6351E0D}.Debug|x64.ActiveCfg = Debug|x64
		{A1973C34-44BA-4E0B-A065-F4BEB6351E0D}.Debug|x64.Build.0 = Debug|x64
		{A1973C34-44BA-4E0B-A065-F4BEB6351E0D}.Debug|x86.ActiveCfg = Debug|Win32
		{A1973C34-44BA-4E0B-A065-F4BEB6351E0D}.Debug|x86.Build.0 = Debug|Win32
		{A1973C34-44BA-4E0B-A065-F4BEB6351E0D}.Release|x64.ActiveCfg = Release|x64
		{A1973C34-44BA-4E0B-A065-F4BEB6351E0D}.Release|x64.Build.0 = Release|x64
		{A1973C34-44BA-4E0B-A065-F4BEB6351E0D}.Release|x86.ActiveCfg = Release|Win32
		{A1973C34-44BA-4E0B-A065-F4BEB6351E0D}.Release|x86.Build.0 = Release|Win32
	EndGlobalSection
	GlobalSection(SolutionProperties) = preSolution
		HideSolutionNode = FALSE
	EndGlobalSection
	GlobalSection(ExtensibilityGlobals) = postSolution
		SolutionGuid = {30F00AE3-D397-4263-96BE-B44FCC160F4B}
	EndGlobalSection
EndGlobal
