
Microsoft Visual Studio Solution File, Format Version 12.00
# Visual Studio Version 17
VisualStudioVersion = 17.11.35312.102
MinimumVisualStudioVersion = 10.0.40219.1
Project("{9A19103F-16F7-4668-BE54-9A1E7A4F7556}") = "Csharp02", "20241008\Csharp02.csproj", "{67DB1FDF-A02B-4A00-8105-487425F4C136}"
EndProject
Project("{2150E333-8FDC-42A3-9474-1A3956D46DE8}") = "20241008", "20241008", "{75B8ABDF-E9F8-4293-A3D8-1EA592695ED2}"
EndProject
Project("{2150E333-8FDC-42A3-9474-1A3956D46DE8}") = "20241007", "20241007", "{35E9B403-983D-4AB1-A3A4-240BF150F0C1}"
EndProject
Project("{9A19103F-16F7-4668-BE54-9A1E7A4F7556}") = "String", "20241007\String\String.csproj", "{1360E5EA-D132-4DF0-8456-A61C258D79AA}"
EndProject
Project("{9A19103F-16F7-4668-BE54-9A1E7A4F7556}") = "UserDataType", "20241007\UserDataType\UserDataType.csproj", "{CC0EE342-CA37-4CFB-95CB-7E6B8A9BC0AC}"
EndProject
Project("{9A19103F-16F7-4668-BE54-9A1E7A4F7556}") = "CSIntro", "20241007\CSIntro\CSIntro.csproj", "{607984DE-885D-4B7A-B0D8-FD1317F61D89}"
EndProject
Project("{2150E333-8FDC-42A3-9474-1A3956D46DE8}") = "20241010", "20241010", "{AEF7B62D-6EED-411C-A257-DACDE885D13B}"
EndProject
Project("{9A19103F-16F7-4668-BE54-9A1E7A4F7556}") = "CSharp03", "20241010\CSharp03\CSharp03.csproj", "{BC83945A-7043-4CE3-85BE-12D3A350B5BF}"
EndProject
Project("{2150E333-8FDC-42A3-9474-1A3956D46DE8}") = "20241011", "20241011", "{7A71FC48-1BBC-415B-A6DF-987EBA3F94AE}"
EndProject
Project("{FAE04EC0-301F-11D3-BF4B-00C04F79EFBC}") = "CSharp04", "20241011\CSharp04\CSharp04.csproj", "{8E359727-735D-4DCC-962C-ADBA9D6BB170}"
EndProject
Global
	GlobalSection(SolutionConfigurationPlatforms) = preSolution
		Debug|Any CPU = Debug|Any CPU
		Release|Any CPU = Release|Any CPU
	EndGlobalSection
	GlobalSection(ProjectConfigurationPlatforms) = postSolution
		{67DB1FDF-A02B-4A00-8105-487425F4C136}.Debug|Any CPU.ActiveCfg = Debug|Any CPU
		{67DB1FDF-A02B-4A00-8105-487425F4C136}.Debug|Any CPU.Build.0 = Debug|Any CPU
		{67DB1FDF-A02B-4A00-8105-487425F4C136}.Release|Any CPU.ActiveCfg = Release|Any CPU
		{67DB1FDF-A02B-4A00-8105-487425F4C136}.Release|Any CPU.Build.0 = Release|Any CPU
		{1360E5EA-D132-4DF0-8456-A61C258D79AA}.Debug|Any CPU.ActiveCfg = Debug|Any CPU
		{1360E5EA-D132-4DF0-8456-A61C258D79AA}.Debug|Any CPU.Build.0 = Debug|Any CPU
		{1360E5EA-D132-4DF0-8456-A61C258D79AA}.Release|Any CPU.ActiveCfg = Release|Any CPU
		{1360E5EA-D132-4DF0-8456-A61C258D79AA}.Release|Any CPU.Build.0 = Release|Any CPU
		{CC0EE342-CA37-4CFB-95CB-7E6B8A9BC0AC}.Debug|Any CPU.ActiveCfg = Debug|Any CPU
		{CC0EE342-CA37-4CFB-95CB-7E6B8A9BC0AC}.Debug|Any CPU.Build.0 = Debug|Any CPU
		{CC0EE342-CA37-4CFB-95CB-7E6B8A9BC0AC}.Release|Any CPU.ActiveCfg = Release|Any CPU
		{CC0EE342-CA37-4CFB-95CB-7E6B8A9BC0AC}.Release|Any CPU.Build.0 = Release|Any CPU
		{607984DE-885D-4B7A-B0D8-FD1317F61D89}.Debug|Any CPU.ActiveCfg = Debug|Any CPU
		{607984DE-885D-4B7A-B0D8-FD1317F61D89}.Debug|Any CPU.Build.0 = Debug|Any CPU
		{607984DE-885D-4B7A-B0D8-FD1317F61D89}.Release|Any CPU.ActiveCfg = Release|Any CPU
		{607984DE-885D-4B7A-B0D8-FD1317F61D89}.Release|Any CPU.Build.0 = Release|Any CPU
		{BC83945A-7043-4CE3-85BE-12D3A350B5BF}.Debug|Any CPU.ActiveCfg = Debug|Any CPU
		{BC83945A-7043-4CE3-85BE-12D3A350B5BF}.Debug|Any CPU.Build.0 = Debug|Any CPU
		{BC83945A-7043-4CE3-85BE-12D3A350B5BF}.Release|Any CPU.ActiveCfg = Release|Any CPU
		{BC83945A-7043-4CE3-85BE-12D3A350B5BF}.Release|Any CPU.Build.0 = Release|Any CPU
		{8E359727-735D-4DCC-962C-ADBA9D6BB170}.Debug|Any CPU.ActiveCfg = Debug|Any CPU
		{8E359727-735D-4DCC-962C-ADBA9D6BB170}.Debug|Any CPU.Build.0 = Debug|Any CPU
		{8E359727-735D-4DCC-962C-ADBA9D6BB170}.Release|Any CPU.ActiveCfg = Release|Any CPU
		{8E359727-735D-4DCC-962C-ADBA9D6BB170}.Release|Any CPU.Build.0 = Release|Any CPU
	EndGlobalSection
	GlobalSection(SolutionProperties) = preSolution
		HideSolutionNode = FALSE
	EndGlobalSection
	GlobalSection(NestedProjects) = preSolution
		{67DB1FDF-A02B-4A00-8105-487425F4C136} = {75B8ABDF-E9F8-4293-A3D8-1EA592695ED2}
		{1360E5EA-D132-4DF0-8456-A61C258D79AA} = {35E9B403-983D-4AB1-A3A4-240BF150F0C1}
		{CC0EE342-CA37-4CFB-95CB-7E6B8A9BC0AC} = {35E9B403-983D-4AB1-A3A4-240BF150F0C1}
		{607984DE-885D-4B7A-B0D8-FD1317F61D89} = {35E9B403-983D-4AB1-A3A4-240BF150F0C1}
		{BC83945A-7043-4CE3-85BE-12D3A350B5BF} = {AEF7B62D-6EED-411C-A257-DACDE885D13B}
		{8E359727-735D-4DCC-962C-ADBA9D6BB170} = {7A71FC48-1BBC-415B-A6DF-987EBA3F94AE}
	EndGlobalSection
	GlobalSection(ExtensibilityGlobals) = postSolution
		SolutionGuid = {AF321673-9989-4478-B04E-EF80DFE85716}
	EndGlobalSection
EndGlobal
