
Microsoft Visual Studio Solution File, Format Version 12.00
# Visual Studio Version 17
VisualStudioVersion = 17.11.35222.181
MinimumVisualStudioVersion = 10.0.40219.1
Project("{8BC9CEB8-8B4A-11D0-8D11-00A0C91BC942}") = "20240902", "20240902\20240902.vcxproj", "{D5A22F58-7FB3-4766-9269-498317DF9A1F}"
EndProject
Project("{8BC9CEB8-8B4A-11D0-8D11-00A0C91BC942}") = "20240903", "20240903\20240903.vcxproj", "{2CFF98BF-DFBE-4215-A509-29994D2372C1}"
EndProject
Project("{8BC9CEB8-8B4A-11D0-8D11-00A0C91BC942}") = "20240904", "20240904\20240904.vcxproj", "{EAA4ABC9-24B9-4C32-8B3B-38CA7C270DD7}"
EndProject
Project("{8BC9CEB8-8B4A-11D0-8D11-00A0C91BC942}") = "20240905", "20240905\20240905.vcxproj", "{7311C8AD-E8BE-4376-A150-8FBC2EFBEACA}"
EndProject
Project("{8BC9CEB8-8B4A-11D0-8D11-00A0C91BC942}") = "20240906", "20240906\20240906.vcxproj", "{F9280361-C20E-4A9D-B728-F170742D27BF}"
EndProject
Project("{8BC9CEB8-8B4A-11D0-8D11-00A0C91BC942}") = "20240909", "20240909\20240909.vcxproj", "{010CB852-943E-4138-93AE-3A4B2C0516CC}"
EndProject
Project("{8BC9CEB8-8B4A-11D0-8D11-00A0C91BC942}") = "20240910", "20240910\20240910.vcxproj", "{E90E510E-4BEE-4252-B96F-713650829304}"
EndProject
Project("{8BC9CEB8-8B4A-11D0-8D11-00A0C91BC942}") = "20240911", "20240911\20240911.vcxproj", "{8F42599C-5CC9-4E23-988B-3BADC8B235B1}"
EndProject
Project("{8BC9CEB8-8B4A-11D0-8D11-00A0C91BC942}") = "20240912", "20240912\20240912.vcxproj", "{D50DA063-F2B1-421C-B9C2-22FB71A5AE49}"
EndProject
Project("{8BC9CEB8-8B4A-11D0-8D11-00A0C91BC942}") = "20240919", "20240919\20240919.vcxproj", "{361786A1-A266-46A7-866C-9785A21F99F1}"
EndProject
Project("{8BC9CEB8-8B4A-11D0-8D11-00A0C91BC942}") = "20240920", "20240920\20240920.vcxproj", "{CF5DD929-CC3F-4C50-A265-2475821D6778}"
EndProject
Project("{8BC9CEB8-8B4A-11D0-8D11-00A0C91BC942}") = "20240923", "20240923\20240923.vcxproj", "{5A31D8EB-4B60-449A-8BB7-5439BBD57799}"
EndProject
Project("{8BC9CEB8-8B4A-11D0-8D11-00A0C91BC942}") = "20240913", "20240913\20240913.vcxproj", "{AF843851-A9A5-453F-A2C0-8155780E67B9}"
EndProject
Project("{8BC9CEB8-8B4A-11D0-8D11-00A0C91BC942}") = "20240924", "20240924\20240924.vcxproj", "{D3600F6A-CD79-4BFD-AE71-D400D7D2D976}"
EndProject
Project("{8BC9CEB8-8B4A-11D0-8D11-00A0C91BC942}") = "20240925", "20240925\20240925.vcxproj", "{8F210D2F-EA17-45CA-B58E-175E5C76D518}"
EndProject
Project("{8BC9CEB8-8B4A-11D0-8D11-00A0C91BC942}") = "20240926", "20240926\20240926.vcxproj", "{80604216-C971-4842-A971-9C4BBC761695}"
EndProject
Project("{8BC9CEB8-8B4A-11D0-8D11-00A0C91BC942}") = "Test", "Test\Test.vcxproj", "{71308AC2-3C11-4324-A225-0CEAC764B7C0}"
EndProject
Global
	GlobalSection(SolutionConfigurationPlatforms) = preSolution
		Debug|x64 = Debug|x64
		Debug|x86 = Debug|x86
		Release|x64 = Release|x64
		Release|x86 = Release|x86
	EndGlobalSection
	GlobalSection(ProjectConfigurationPlatforms) = postSolution
		{D5A22F58-7FB3-4766-9269-498317DF9A1F}.Debug|x64.ActiveCfg = Debug|x64
		{D5A22F58-7FB3-4766-9269-498317DF9A1F}.Debug|x64.Build.0 = Debug|x64
		{D5A22F58-7FB3-4766-9269-498317DF9A1F}.Debug|x86.ActiveCfg = Debug|Win32
		{D5A22F58-7FB3-4766-9269-498317DF9A1F}.Debug|x86.Build.0 = Debug|Win32
		{D5A22F58-7FB3-4766-9269-498317DF9A1F}.Release|x64.ActiveCfg = Release|x64
		{D5A22F58-7FB3-4766-9269-498317DF9A1F}.Release|x64.Build.0 = Release|x64
		{D5A22F58-7FB3-4766-9269-498317DF9A1F}.Release|x86.ActiveCfg = Release|Win32
		{D5A22F58-7FB3-4766-9269-498317DF9A1F}.Release|x86.Build.0 = Release|Win32
		{2CFF98BF-DFBE-4215-A509-29994D2372C1}.Debug|x64.ActiveCfg = Debug|x64
		{2CFF98BF-DFBE-4215-A509-29994D2372C1}.Debug|x64.Build.0 = Debug|x64
		{2CFF98BF-DFBE-4215-A509-29994D2372C1}.Debug|x86.ActiveCfg = Debug|Win32
		{2CFF98BF-DFBE-4215-A509-29994D2372C1}.Debug|x86.Build.0 = Debug|Win32
		{2CFF98BF-DFBE-4215-A509-29994D2372C1}.Release|x64.ActiveCfg = Release|x64
		{2CFF98BF-DFBE-4215-A509-29994D2372C1}.Release|x64.Build.0 = Release|x64
		{2CFF98BF-DFBE-4215-A509-29994D2372C1}.Release|x86.ActiveCfg = Release|Win32
		{2CFF98BF-DFBE-4215-A509-29994D2372C1}.Release|x86.Build.0 = Release|Win32
		{EAA4ABC9-24B9-4C32-8B3B-38CA7C270DD7}.Debug|x64.ActiveCfg = Debug|x64
		{EAA4ABC9-24B9-4C32-8B3B-38CA7C270DD7}.Debug|x64.Build.0 = Debug|x64
		{EAA4ABC9-24B9-4C32-8B3B-38CA7C270DD7}.Debug|x86.ActiveCfg = Debug|Win32
		{EAA4ABC9-24B9-4C32-8B3B-38CA7C270DD7}.Debug|x86.Build.0 = Debug|Win32
		{EAA4ABC9-24B9-4C32-8B3B-38CA7C270DD7}.Release|x64.ActiveCfg = Release|x64
		{EAA4ABC9-24B9-4C32-8B3B-38CA7C270DD7}.Release|x64.Build.0 = Release|x64
		{EAA4ABC9-24B9-4C32-8B3B-38CA7C270DD7}.Release|x86.ActiveCfg = Release|Win32
		{EAA4ABC9-24B9-4C32-8B3B-38CA7C270DD7}.Release|x86.Build.0 = Release|Win32
		{7311C8AD-E8BE-4376-A150-8FBC2EFBEACA}.Debug|x64.ActiveCfg = Debug|x64
		{7311C8AD-E8BE-4376-A150-8FBC2EFBEACA}.Debug|x64.Build.0 = Debug|x64
		{7311C8AD-E8BE-4376-A150-8FBC2EFBEACA}.Debug|x86.ActiveCfg = Debug|Win32
		{7311C8AD-E8BE-4376-A150-8FBC2EFBEACA}.Debug|x86.Build.0 = Debug|Win32
		{7311C8AD-E8BE-4376-A150-8FBC2EFBEACA}.Release|x64.ActiveCfg = Release|x64
		{7311C8AD-E8BE-4376-A150-8FBC2EFBEACA}.Release|x64.Build.0 = Release|x64
		{7311C8AD-E8BE-4376-A150-8FBC2EFBEACA}.Release|x86.ActiveCfg = Release|Win32
		{7311C8AD-E8BE-4376-A150-8FBC2EFBEACA}.Release|x86.Build.0 = Release|Win32
		{F9280361-C20E-4A9D-B728-F170742D27BF}.Debug|x64.ActiveCfg = Debug|x64
		{F9280361-C20E-4A9D-B728-F170742D27BF}.Debug|x64.Build.0 = Debug|x64
		{F9280361-C20E-4A9D-B728-F170742D27BF}.Debug|x86.ActiveCfg = Debug|Win32
		{F9280361-C20E-4A9D-B728-F170742D27BF}.Debug|x86.Build.0 = Debug|Win32
		{F9280361-C20E-4A9D-B728-F170742D27BF}.Release|x64.ActiveCfg = Release|x64
		{F9280361-C20E-4A9D-B728-F170742D27BF}.Release|x64.Build.0 = Release|x64
		{F9280361-C20E-4A9D-B728-F170742D27BF}.Release|x86.ActiveCfg = Release|Win32
		{F9280361-C20E-4A9D-B728-F170742D27BF}.Release|x86.Build.0 = Release|Win32
		{010CB852-943E-4138-93AE-3A4B2C0516CC}.Debug|x64.ActiveCfg = Debug|x64
		{010CB852-943E-4138-93AE-3A4B2C0516CC}.Debug|x64.Build.0 = Debug|x64
		{010CB852-943E-4138-93AE-3A4B2C0516CC}.Debug|x86.ActiveCfg = Debug|Win32
		{010CB852-943E-4138-93AE-3A4B2C0516CC}.Debug|x86.Build.0 = Debug|Win32
		{010CB852-943E-4138-93AE-3A4B2C0516CC}.Release|x64.ActiveCfg = Release|x64
		{010CB852-943E-4138-93AE-3A4B2C0516CC}.Release|x64.Build.0 = Release|x64
		{010CB852-943E-4138-93AE-3A4B2C0516CC}.Release|x86.ActiveCfg = Release|Win32
		{010CB852-943E-4138-93AE-3A4B2C0516CC}.Release|x86.Build.0 = Release|Win32
		{E90E510E-4BEE-4252-B96F-713650829304}.Debug|x64.ActiveCfg = Debug|x64
		{E90E510E-4BEE-4252-B96F-713650829304}.Debug|x64.Build.0 = Debug|x64
		{E90E510E-4BEE-4252-B96F-713650829304}.Debug|x86.ActiveCfg = Debug|Win32
		{E90E510E-4BEE-4252-B96F-713650829304}.Debug|x86.Build.0 = Debug|Win32
		{E90E510E-4BEE-4252-B96F-713650829304}.Release|x64.ActiveCfg = Release|x64
		{E90E510E-4BEE-4252-B96F-713650829304}.Release|x64.Build.0 = Release|x64
		{E90E510E-4BEE-4252-B96F-713650829304}.Release|x86.ActiveCfg = Release|Win32
		{E90E510E-4BEE-4252-B96F-713650829304}.Release|x86.Build.0 = Release|Win32
		{8F42599C-5CC9-4E23-988B-3BADC8B235B1}.Debug|x64.ActiveCfg = Debug|x64
		{8F42599C-5CC9-4E23-988B-3BADC8B235B1}.Debug|x64.Build.0 = Debug|x64
		{8F42599C-5CC9-4E23-988B-3BADC8B235B1}.Debug|x86.ActiveCfg = Debug|Win32
		{8F42599C-5CC9-4E23-988B-3BADC8B235B1}.Debug|x86.Build.0 = Debug|Win32
		{8F42599C-5CC9-4E23-988B-3BADC8B235B1}.Release|x64.ActiveCfg = Release|x64
		{8F42599C-5CC9-4E23-988B-3BADC8B235B1}.Release|x64.Build.0 = Release|x64
		{8F42599C-5CC9-4E23-988B-3BADC8B235B1}.Release|x86.ActiveCfg = Release|Win32
		{8F42599C-5CC9-4E23-988B-3BADC8B235B1}.Release|x86.Build.0 = Release|Win32
		{D50DA063-F2B1-421C-B9C2-22FB71A5AE49}.Debug|x64.ActiveCfg = Debug|x64
		{D50DA063-F2B1-421C-B9C2-22FB71A5AE49}.Debug|x64.Build.0 = Debug|x64
		{D50DA063-F2B1-421C-B9C2-22FB71A5AE49}.Debug|x86.ActiveCfg = Debug|Win32
		{D50DA063-F2B1-421C-B9C2-22FB71A5AE49}.Debug|x86.Build.0 = Debug|Win32
		{D50DA063-F2B1-421C-B9C2-22FB71A5AE49}.Release|x64.ActiveCfg = Release|x64
		{D50DA063-F2B1-421C-B9C2-22FB71A5AE49}.Release|x64.Build.0 = Release|x64
		{D50DA063-F2B1-421C-B9C2-22FB71A5AE49}.Release|x86.ActiveCfg = Release|Win32
		{D50DA063-F2B1-421C-B9C2-22FB71A5AE49}.Release|x86.Build.0 = Release|Win32
		{361786A1-A266-46A7-866C-9785A21F99F1}.Debug|x64.ActiveCfg = Debug|x64
		{361786A1-A266-46A7-866C-9785A21F99F1}.Debug|x64.Build.0 = Debug|x64
		{361786A1-A266-46A7-866C-9785A21F99F1}.Debug|x86.ActiveCfg = Debug|Win32
		{361786A1-A266-46A7-866C-9785A21F99F1}.Debug|x86.Build.0 = Debug|Win32
		{361786A1-A266-46A7-866C-9785A21F99F1}.Release|x64.ActiveCfg = Release|x64
		{361786A1-A266-46A7-866C-9785A21F99F1}.Release|x64.Build.0 = Release|x64
		{361786A1-A266-46A7-866C-9785A21F99F1}.Release|x86.ActiveCfg = Release|Win32
		{361786A1-A266-46A7-866C-9785A21F99F1}.Release|x86.Build.0 = Release|Win32
		{CF5DD929-CC3F-4C50-A265-2475821D6778}.Debug|x64.ActiveCfg = Debug|x64
		{CF5DD929-CC3F-4C50-A265-2475821D6778}.Debug|x64.Build.0 = Debug|x64
		{CF5DD929-CC3F-4C50-A265-2475821D6778}.Debug|x86.ActiveCfg = Debug|Win32
		{CF5DD929-CC3F-4C50-A265-2475821D6778}.Debug|x86.Build.0 = Debug|Win32
		{CF5DD929-CC3F-4C50-A265-2475821D6778}.Release|x64.ActiveCfg = Release|x64
		{CF5DD929-CC3F-4C50-A265-2475821D6778}.Release|x64.Build.0 = Release|x64
		{CF5DD929-CC3F-4C50-A265-2475821D6778}.Release|x86.ActiveCfg = Release|Win32
		{CF5DD929-CC3F-4C50-A265-2475821D6778}.Release|x86.Build.0 = Release|Win32
		{5A31D8EB-4B60-449A-8BB7-5439BBD57799}.Debug|x64.ActiveCfg = Debug|x64
		{5A31D8EB-4B60-449A-8BB7-5439BBD57799}.Debug|x64.Build.0 = Debug|x64
		{5A31D8EB-4B60-449A-8BB7-5439BBD57799}.Debug|x86.ActiveCfg = Debug|Win32
		{5A31D8EB-4B60-449A-8BB7-5439BBD57799}.Debug|x86.Build.0 = Debug|Win32
		{5A31D8EB-4B60-449A-8BB7-5439BBD57799}.Release|x64.ActiveCfg = Release|x64
		{5A31D8EB-4B60-449A-8BB7-5439BBD57799}.Release|x64.Build.0 = Release|x64
		{5A31D8EB-4B60-449A-8BB7-5439BBD57799}.Release|x86.ActiveCfg = Release|Win32
		{5A31D8EB-4B60-449A-8BB7-5439BBD57799}.Release|x86.Build.0 = Release|Win32
		{AF843851-A9A5-453F-A2C0-8155780E67B9}.Debug|x64.ActiveCfg = Debug|x64
		{AF843851-A9A5-453F-A2C0-8155780E67B9}.Debug|x64.Build.0 = Debug|x64
		{AF843851-A9A5-453F-A2C0-8155780E67B9}.Debug|x86.ActiveCfg = Debug|Win32
		{AF843851-A9A5-453F-A2C0-8155780E67B9}.Debug|x86.Build.0 = Debug|Win32
		{AF843851-A9A5-453F-A2C0-8155780E67B9}.Release|x64.ActiveCfg = Release|x64
		{AF843851-A9A5-453F-A2C0-8155780E67B9}.Release|x64.Build.0 = Release|x64
		{AF843851-A9A5-453F-A2C0-8155780E67B9}.Release|x86.ActiveCfg = Release|Win32
		{AF843851-A9A5-453F-A2C0-8155780E67B9}.Release|x86.Build.0 = Release|Win32
		{D3600F6A-CD79-4BFD-AE71-D400D7D2D976}.Debug|x64.ActiveCfg = Debug|x64
		{D3600F6A-CD79-4BFD-AE71-D400D7D2D976}.Debug|x64.Build.0 = Debug|x64
		{D3600F6A-CD79-4BFD-AE71-D400D7D2D976}.Debug|x86.ActiveCfg = Debug|Win32
		{D3600F6A-CD79-4BFD-AE71-D400D7D2D976}.Debug|x86.Build.0 = Debug|Win32
		{D3600F6A-CD79-4BFD-AE71-D400D7D2D976}.Release|x64.ActiveCfg = Release|x64
		{D3600F6A-CD79-4BFD-AE71-D400D7D2D976}.Release|x64.Build.0 = Release|x64
		{D3600F6A-CD79-4BFD-AE71-D400D7D2D976}.Release|x86.ActiveCfg = Release|Win32
		{D3600F6A-CD79-4BFD-AE71-D400D7D2D976}.Release|x86.Build.0 = Release|Win32
		{8F210D2F-EA17-45CA-B58E-175E5C76D518}.Debug|x64.ActiveCfg = Debug|x64
		{8F210D2F-EA17-45CA-B58E-175E5C76D518}.Debug|x64.Build.0 = Debug|x64
		{8F210D2F-EA17-45CA-B58E-175E5C76D518}.Debug|x86.ActiveCfg = Debug|Win32
		{8F210D2F-EA17-45CA-B58E-175E5C76D518}.Debug|x86.Build.0 = Debug|Win32
		{8F210D2F-EA17-45CA-B58E-175E5C76D518}.Release|x64.ActiveCfg = Release|x64
		{8F210D2F-EA17-45CA-B58E-175E5C76D518}.Release|x64.Build.0 = Release|x64
		{8F210D2F-EA17-45CA-B58E-175E5C76D518}.Release|x86.ActiveCfg = Release|Win32
		{8F210D2F-EA17-45CA-B58E-175E5C76D518}.Release|x86.Build.0 = Release|Win32
		{80604216-C971-4842-A971-9C4BBC761695}.Debug|x64.ActiveCfg = Debug|x64
		{80604216-C971-4842-A971-9C4BBC761695}.Debug|x64.Build.0 = Debug|x64
		{80604216-C971-4842-A971-9C4BBC761695}.Debug|x86.ActiveCfg = Debug|Win32
		{80604216-C971-4842-A971-9C4BBC761695}.Debug|x86.Build.0 = Debug|Win32
		{80604216-C971-4842-A971-9C4BBC761695}.Release|x64.ActiveCfg = Release|x64
		{80604216-C971-4842-A971-9C4BBC761695}.Release|x64.Build.0 = Release|x64
		{80604216-C971-4842-A971-9C4BBC761695}.Release|x86.ActiveCfg = Release|Win32
		{80604216-C971-4842-A971-9C4BBC761695}.Release|x86.Build.0 = Release|Win32
		{71308AC2-3C11-4324-A225-0CEAC764B7C0}.Debug|x64.ActiveCfg = Debug|x64
		{71308AC2-3C11-4324-A225-0CEAC764B7C0}.Debug|x64.Build.0 = Debug|x64
		{71308AC2-3C11-4324-A225-0CEAC764B7C0}.Debug|x86.ActiveCfg = Debug|Win32
		{71308AC2-3C11-4324-A225-0CEAC764B7C0}.Debug|x86.Build.0 = Debug|Win32
		{71308AC2-3C11-4324-A225-0CEAC764B7C0}.Release|x64.ActiveCfg = Release|x64
		{71308AC2-3C11-4324-A225-0CEAC764B7C0}.Release|x64.Build.0 = Release|x64
		{71308AC2-3C11-4324-A225-0CEAC764B7C0}.Release|x86.ActiveCfg = Release|Win32
		{71308AC2-3C11-4324-A225-0CEAC764B7C0}.Release|x86.Build.0 = Release|Win32
	EndGlobalSection
	GlobalSection(SolutionProperties) = preSolution
		HideSolutionNode = FALSE
	EndGlobalSection
	GlobalSection(ExtensibilityGlobals) = postSolution
		SolutionGuid = {3B909578-B245-43D2-821F-2908BDDC75A1}
	EndGlobalSection
EndGlobal
